
Microsoft Visual Studio Solution File, Format Version 12.00
# Visual Studio Version 17
VisualStudioVersion = 17.10.34916.146
MinimumVisualStudioVersion = 10.0.40219.1
Project("{FAE04EC0-301F-11D3-BF4B-00C04F79EFBC}") = "SalesAnalysis", "SalesAnalysis\SalesAnalysis.csproj", "{5E03E02C-02B9-4950-BA3D-2216745AD2C6}"
EndProject
Global
	GlobalSection(SolutionConfigurationPlatforms) = preSolution
		Debug|Any CPU = Debug|Any CPU
		Release|Any CPU = Release|Any CPU
	EndGlobalSection
	GlobalSection(ProjectConfigurationPlatforms) = postSolution
		{5E03E02C-02B9-4950-BA3D-2216745AD2C6}.Debug|Any CPU.ActiveCfg = Debug|Any CPU
		{5E03E02C-02B9-4950-BA3D-2216745AD2C6}.Debug|Any CPU.Build.0 = Debug|Any CPU
		{5E03E02C-02B9-4950-BA3D-2216745AD2C6}.Release|Any CPU.ActiveCfg = Release|Any CPU
		{5E03E02C-02B9-4950-BA3D-2216745AD2C6}.Release|Any CPU.Build.0 = Release|Any CPU
	EndGlobalSection
	GlobalSection(SolutionProperties) = preSolution
		HideSolutionNode = FALSE
	EndGlobalSection
	GlobalSection(ExtensibilityGlobals) = postSolution
		SolutionGuid = {A080A3BD-FEE2-44DD-B3D0-B0014E3689AB}
	EndGlobalSection
EndGlobal
